{
  "nodes": {
    "baseshell": {
      "inputs": {
        "nixpkgs": [
          "rt",
          "devshells-nix",
          "nixpkgs"
        ],
        "utils": [
          "rt",
          "devshells-nix",
          "utils"
        ]
      },
      "locked": {
        "dir": "base",
        "lastModified": 1774500532,
        "narHash": "sha256-Hsr7CcASl0i/EtjBwrHomrIqDgOkjN/OuTOBkbXuLc0=",
        "owner": "acehinnnqru",
        "repo": "devshells",
        "rev": "45eadd96a46d64878b1d7d88f9ac7688ddcef98f",
        "type": "github"
      },
      "original": {
        "dir": "base",
        "owner": "acehinnnqru",
        "repo": "devshells",
        "type": "github"
      }
    },
    "baseshell_2": {
      "inputs": {
        "nixpkgs": [
          "rt",
          "devshells-rust",
          "nixpkgs"
        ],
        "utils": [
          "rt",
          "devshells-rust",
          "utils"
        ]
      },
      "locked": {
        "dir": "base",
        "lastModified": 1774501797,
        "narHash": "sha256-8rmuR3672QVLBcEuNjLUJqOclofq1o4KKOMkJDg0rjU=",
        "owner": "acehinnnqru",
        "repo": "devshells",
        "rev": "1adbc10bb0c31c74917d14122c4d6b6478fc8e3d",
        "type": "github"
      },
      "original": {
        "dir": "base",
        "owner": "acehinnnqru",
        "repo": "devshells",
        "type": "github"
      }
    },
    "devshells-nix": {
      "inputs": {
        "baseshell": "baseshell",
        "nixpkgs": [
          "rt",
          "nixpkgs"
        ],
        "utils": "utils"
      },
      "locked": {
        "dir": "langs/nix",
        "lastModified": 1774502590,
        "narHash": "sha256-UDpJ6Bna/98DPwDyoQcGMjkavwTJyQy0HjnTTOkezv0=",
        "owner": "acehinnnqru",
        "repo": "devshells",
        "rev": "aca5f0c856cd7463c7b2cdfd54bd0afc2e579306",
        "type": "github"
      },
      "original": {
        "dir": "langs/nix",
        "owner": "acehinnnqru",
        "repo": "devshells",
        "type": "github"
      }
    },
    "devshells-rust": {
      "inputs": {
        "baseshell": "baseshell_2",
        "fenix": "fenix",
        "nixpkgs": [
          "rt",
          "nixpkgs"
        ],
        "utils": "utils_2"
      },
      "locked": {
        "dir": "langs/rust/nightly",
        "lastModified": 1774502590,
        "narHash": "sha256-UDpJ6Bna/98DPwDyoQcGMjkavwTJyQy0HjnTTOkezv0=",
        "owner": "acehinnnqru",
        "repo": "devshells",
        "rev": "aca5f0c856cd7463c7b2cdfd54bd0afc2e579306",
        "type": "github"
      },
      "original": {
        "dir": "langs/rust/nightly",
        "owner": "acehinnnqru",
        "repo": "devshells",
        "type": "github"
      }
    },
    "fenix": {
      "inputs": {
        "nixpkgs": [
          "rt",
          "devshells-rust",
          "nixpkgs"
        ],
        "rust-analyzer-src": "rust-analyzer-src"
      },
      "locked": {
        "lastModified": 1774423251,
        "narHash": "sha256-g/PP8G9WcP4vtZVOBNYwfGxLnwLQoTERHnef8irAMeQ=",
        "owner": "nix-community",
        "repo": "fenix",
        "rev": "b70d7535088cd8a9e4322c372a475f66ffa18adf",
        "type": "github"
      },
      "original": {
        "owner": "nix-community",
        "repo": "fenix",
        "type": "github"
      }
    },
    "flake-parts": {
      "inputs": {
        "nixpkgs-lib": [
          "neovim-nightly-overlay",
          "nixpkgs"
        ]
      },
      "locked": {
        "lastModified": 1775087534,
        "narHash": "sha256-91qqW8lhL7TLwgQWijoGBbiD4t7/q75KTi8NxjVmSmA=",
        "owner": "hercules-ci",
        "repo": "flake-parts",
        "rev": "3107b77cd68437b9a76194f0f7f9c55f2329ca5b",
        "type": "github"
      },
      "original": {
        "owner": "hercules-ci",
        "repo": "flake-parts",
        "type": "github"
      }
    },
    "flake-utils": {
      "inputs": {
        "systems": "systems_3"
      },
      "locked": {
        "lastModified": 1731533236,
        "narHash": "sha256-l0KFg5HjrsfsO/JpG+r7fRrqm12kzFHyUHqHCVpMMbI=",
        "owner": "numtide",
        "repo": "flake-utils",
        "rev": "11707dc2f618dd54ca8739b309ec4fc024de578b",
        "type": "github"
      },
      "original": {
        "owner": "numtide",
        "repo": "flake-utils",
        "type": "github"
      }
    },
    "home-manager": {
      "inputs": {
        "nixpkgs": [
          "nixpkgs"
        ]
      },
      "locked": {
        "lastModified": 1775781825,
        "narHash": "sha256-L5yKTpR+alrZU2XYYvIxCeCP4LBHU5jhwSj7H1VAavg=",
        "owner": "nix-community",
        "repo": "home-manager",
        "rev": "e35c39fca04fee829cecdf839a50eb9b54d8a701",
        "type": "github"
      },
      "original": {
        "owner": "nix-community",
        "repo": "home-manager",
        "type": "github"
      }
    },
    "neovim-nightly-overlay": {
      "inputs": {
        "flake-parts": "flake-parts",
        "neovim-src": "neovim-src",
        "nixpkgs": [
          "nixpkgs"
        ]
      },
      "locked": {
        "lastModified": 1775779477,
        "narHash": "sha256-JjbovRW+t6qWwTpNBJ1+I7BcYYjaxl00vIsiDnmvxN4=",
        "owner": "nix-community",
        "repo": "neovim-nightly-overlay",
        "rev": "4f47ea565f3d2e1148025820839a11642b4cb496",
        "type": "github"
      },
      "original": {
        "owner": "nix-community",
        "repo": "neovim-nightly-overlay",
        "type": "github"
      }
    },
    "neovim-src": {
      "flake": false,
      "locked": {
        "lastModified": 1775778978,
        "narHash": "sha256-pHfmttziaYuGoWRnSu8nhsUA2AOcQuUwzWCGNTU1R+U=",
        "owner": "neovim",
        "repo": "neovim",
        "rev": "10e385cf30f07d80a42abe30d36ebf065c496c99",
        "type": "github"
      },
      "original": {
        "owner": "neovim",
        "repo": "neovim",
        "type": "github"
      }
    },
    "nix-darwin": {
      "inputs": {
        "nixpkgs": [
          "nixpkgs"
        ]
      },
      "locked": {
        "lastModified": 1775037210,
        "narHash": "sha256-KM2WYj6EA7M/FVZVCl3rqWY+TFV5QzSyyGE2gQxeODU=",
        "owner": "LnL7",
        "repo": "nix-darwin",
        "rev": "06648f4902343228ce2de79f291dd5a58ee12146",
        "type": "github"
      },
      "original": {
        "owner": "LnL7",
        "repo": "nix-darwin",
        "type": "github"
      }
    },
    "nixpkgs": {
      "locked": {
        "lastModified": 1775812410,
        "narHash": "sha256-b32T+dbZtaXMG6EiI3qPB0JIj5X+SFUHChQFnFIvN+0=",
        "owner": "NixOS",
        "repo": "nixpkgs",
        "rev": "ea5e1f28ed24df05e4c1d65dcf7378457a998820",
        "type": "github"
      },
      "original": {
        "owner": "NixOS",
        "ref": "master",
        "repo": "nixpkgs",
        "type": "github"
      }
    },
    "rime-ice": {
      "flake": false,
      "locked": {
        "lastModified": 1775468938,
        "narHash": "sha256-L4re582x2RKDobLu7jC33pm6koXfGNcNQ8Cn0gKCm8A=",
        "owner": "iDvel",
        "repo": "rime-ice",
        "rev": "ec9fcfc1da840902373c73ca82aa505d7bab2bdf",
        "type": "github"
      },
      "original": {
        "owner": "iDvel",
        "repo": "rime-ice",
        "type": "github"
      }
    },
    "root": {
      "inputs": {
        "home-manager": "home-manager",
        "neovim-nightly-overlay": "neovim-nightly-overlay",
        "nix-darwin": "nix-darwin",
        "nixpkgs": "nixpkgs",
        "rime-ice": "rime-ice",
        "rt": "rt"
      }
    },
    "rt": {
      "inputs": {
        "devshells-nix": "devshells-nix",
        "devshells-rust": "devshells-rust",
        "flake-utils": "flake-utils",
        "nixpkgs": [
          "nixpkgs"
        ]
      },
      "locked": {
        "lastModified": 1775813652,
        "narHash": "sha256-TTMtLghlYxWarqfbxDL8+Q+7CRNMe/vhbBctYqaaZ+E=",
        "owner": "acehinnnqru",
        "repo": "rt",
        "rev": "0d9446ec5cdaeb2182fbf2b96d742891dc354955",
        "type": "github"
      },
      "original": {
        "owner": "acehinnnqru",
        "ref": "master",
        "repo": "rt",
        "type": "github"
      }
    },
    "rust-analyzer-src": {
      "flake": false,
      "locked": {
        "lastModified": 1774376228,
        "narHash": "sha256-7oA0u4aghFjjIcIDKZ26NUpXH7hVXGPC0sI1OfK7NUk=",
        "owner": "rust-lang",
        "repo": "rust-analyzer",
        "rev": "eabb84b771420b8396ab4bb4747694302d9be277",
        "type": "github"
      },
      "original": {
        "owner": "rust-lang",
        "ref": "nightly",
        "repo": "rust-analyzer",
        "type": "github"
      }
    },
    "systems": {
      "locked": {
        "lastModified": 1681028828,
        "narHash": "sha256-Vy1rq5AaRuLzOxct8nz4T6wlgyUR7zLU309k9mBC768=",
        "owner": "nix-systems",
        "repo": "default",
        "rev": "da67096a3b9bf56a91d16901293e51ba5b49a27e",
        "type": "github"
      },
      "original": {
        "owner": "nix-systems",
        "repo": "default",
        "type": "github"
      }
    },
    "systems_2": {
      "locked": {
        "lastModified": 1681028828,
        "narHash": "sha256-Vy1rq5AaRuLzOxct8nz4T6wlgyUR7zLU309k9mBC768=",
        "owner": "nix-systems",
        "repo": "default",
        "rev": "da67096a3b9bf56a91d16901293e51ba5b49a27e",
        "type": "github"
      },
      "original": {
        "owner": "nix-systems",
        "repo": "default",
        "type": "github"
      }
    },
    "systems_3": {
      "locked": {
        "lastModified": 1681028828,
        "narHash": "sha256-Vy1rq5AaRuLzOxct8nz4T6wlgyUR7zLU309k9mBC768=",
        "owner": "nix-systems",
        "repo": "default",
        "rev": "da67096a3b9bf56a91d16901293e51ba5b49a27e",
        "type": "github"
      },
      "original": {
        "owner": "nix-systems",
        "repo": "default",
        "type": "github"
      }
    },
    "utils": {
      "inputs": {
        "systems": "systems"
      },
      "locked": {
        "lastModified": 1731533236,
        "narHash": "sha256-l0KFg5HjrsfsO/JpG+r7fRrqm12kzFHyUHqHCVpMMbI=",
        "owner": "numtide",
        "repo": "flake-utils",
        "rev": "11707dc2f618dd54ca8739b309ec4fc024de578b",
        "type": "github"
      },
      "original": {
        "owner": "numtide",
        "repo": "flake-utils",
        "type": "github"
      }
    },
    "utils_2": {
      "inputs": {
        "systems": "systems_2"
      },
      "locked": {
        "lastModified": 1731533236,
        "narHash": "sha256-l0KFg5HjrsfsO/JpG+r7fRrqm12kzFHyUHqHCVpMMbI=",
        "owner": "numtide",
        "repo": "flake-utils",
        "rev": "11707dc2f618dd54ca8739b309ec4fc024de578b",
        "type": "github"
      },
      "original": {
        "owner": "numtide",
        "repo": "flake-utils",
        "type": "github"
      }
    }
  },
  "root": "root",
  "version": 7
}
