{
  "nodes": {
    "baseshell": {
      "inputs": {
        "nixpkgs": [
          "rt",
          "devshells-nix",
          "nixpkgs"
        ],
        "utils": [
          "rt",
          "devshells-nix",
          "utils"
        ]
      },
      "locked": {
        "dir": "base",
        "lastModified": 1774500532,
        "narHash": "sha256-Hsr7CcASl0i/EtjBwrHomrIqDgOkjN/OuTOBkbXuLc0=",
        "owner": "acehinnnqru",
        "repo": "devshells",
        "rev": "45eadd96a46d64878b1d7d88f9ac7688ddcef98f",
        "type": "github"
      },
      "original": {
        "dir": "base",
        "owner": "acehinnnqru",
        "repo": "devshells",
        "type": "github"
      }
    },
    "baseshell_2": {
      "inputs": {
        "nixpkgs": [
          "rt",
          "devshells-rust",
          "nixpkgs"
        ],
        "utils": [
          "rt",
          "devshells-rust",
          "utils"
        ]
      },
      "locked": {
        "dir": "base",
        "lastModified": 1774501797,
        "narHash": "sha256-8rmuR3672QVLBcEuNjLUJqOclofq1o4KKOMkJDg0rjU=",
        "owner": "acehinnnqru",
        "repo": "devshells",
        "rev": "1adbc10bb0c31c74917d14122c4d6b6478fc8e3d",
        "type": "github"
      },
      "original": {
        "dir": "base",
        "owner": "acehinnnqru",
        "repo": "devshells",
        "type": "github"
      }
    },
    "devshells-nix": {
      "inputs": {
        "baseshell": "baseshell",
        "nixpkgs": "nixpkgs_2",
        "utils": "utils"
      },
      "locked": {
        "dir": "langs/nix",
        "lastModified": 1774502590,
        "narHash": "sha256-UDpJ6Bna/98DPwDyoQcGMjkavwTJyQy0HjnTTOkezv0=",
        "owner": "acehinnnqru",
        "repo": "devshells",
        "rev": "aca5f0c856cd7463c7b2cdfd54bd0afc2e579306",
        "type": "github"
      },
      "original": {
        "dir": "langs/nix",
        "owner": "acehinnnqru",
        "repo": "devshells",
        "type": "github"
      }
    },
    "devshells-rust": {
      "inputs": {
        "baseshell": "baseshell_2",
        "fenix": "fenix",
        "nixpkgs": "nixpkgs_3",
        "utils": "utils_2"
      },
      "locked": {
        "dir": "langs/rust/nightly",
        "lastModified": 1774502590,
        "narHash": "sha256-UDpJ6Bna/98DPwDyoQcGMjkavwTJyQy0HjnTTOkezv0=",
        "owner": "acehinnnqru",
        "repo": "devshells",
        "rev": "aca5f0c856cd7463c7b2cdfd54bd0afc2e579306",
        "type": "github"
      },
      "original": {
        "dir": "langs/rust/nightly",
        "owner": "acehinnnqru",
        "repo": "devshells",
        "type": "github"
      }
    },
    "fenix": {
      "inputs": {
        "nixpkgs": [
          "rt",
          "devshells-rust",
          "nixpkgs"
        ],
        "rust-analyzer-src": "rust-analyzer-src"
      },
      "locked": {
        "lastModified": 1774423251,
        "narHash": "sha256-g/PP8G9WcP4vtZVOBNYwfGxLnwLQoTERHnef8irAMeQ=",
        "owner": "nix-community",
        "repo": "fenix",
        "rev": "b70d7535088cd8a9e4322c372a475f66ffa18adf",
        "type": "github"
      },
      "original": {
        "owner": "nix-community",
        "repo": "fenix",
        "type": "github"
      }
    },
    "flake-parts": {
      "inputs": {
        "nixpkgs-lib": [
          "neovim-nightly-overlay",
          "nixpkgs"
        ]
      },
      "locked": {
        "lastModified": 1772408722,
        "narHash": "sha256-rHuJtdcOjK7rAHpHphUb1iCvgkU3GpfvicLMwwnfMT0=",
        "owner": "hercules-ci",
        "repo": "flake-parts",
        "rev": "f20dc5d9b8027381c474144ecabc9034d6a839a3",
        "type": "github"
      },
      "original": {
        "owner": "hercules-ci",
        "repo": "flake-parts",
        "type": "github"
      }
    },
    "flake-utils": {
      "inputs": {
        "systems": "systems_3"
      },
      "locked": {
        "lastModified": 1731533236,
        "narHash": "sha256-l0KFg5HjrsfsO/JpG+r7fRrqm12kzFHyUHqHCVpMMbI=",
        "owner": "numtide",
        "repo": "flake-utils",
        "rev": "11707dc2f618dd54ca8739b309ec4fc024de578b",
        "type": "github"
      },
      "original": {
        "owner": "numtide",
        "repo": "flake-utils",
        "type": "github"
      }
    },
    "home-manager": {
      "inputs": {
        "nixpkgs": [
          "nixpkgs"
        ]
      },
      "locked": {
        "lastModified": 1774379316,
        "narHash": "sha256-0nGNxWDUH2Hzlj/R3Zf4FEK6fsFNB/dvewuboSRZqiI=",
        "owner": "nix-community",
        "repo": "home-manager",
        "rev": "1eb0549a1ab3fe3f5acf86668249be15fa0e64f7",
        "type": "github"
      },
      "original": {
        "owner": "nix-community",
        "repo": "home-manager",
        "type": "github"
      }
    },
    "neovim-nightly-overlay": {
      "inputs": {
        "flake-parts": "flake-parts",
        "neovim-src": "neovim-src",
        "nixpkgs": [
          "nixpkgs"
        ]
      },
      "locked": {
        "lastModified": 1774310655,
        "narHash": "sha256-wKLJ5XMA1x3rcJOckqp0VC6QkJ9IKJwANG37VMbYxvw=",
        "owner": "nix-community",
        "repo": "neovim-nightly-overlay",
        "rev": "0fcef258e524f08cdcaaa163c37f14b892f6fd88",
        "type": "github"
      },
      "original": {
        "owner": "nix-community",
        "repo": "neovim-nightly-overlay",
        "type": "github"
      }
    },
    "neovim-src": {
      "flake": false,
      "locked": {
        "lastModified": 1774309203,
        "narHash": "sha256-iCxl6+jjAXSLmmoYjbgO6k2/hm/a2EVxMW44oCA1GWs=",
        "owner": "neovim",
        "repo": "neovim",
        "rev": "1de1c08210076edbdc23fba86d9ffff25b54cbd8",
        "type": "github"
      },
      "original": {
        "owner": "neovim",
        "repo": "neovim",
        "type": "github"
      }
    },
    "nix-darwin": {
      "inputs": {
        "nixpkgs": [
          "nixpkgs"
        ]
      },
      "locked": {
        "lastModified": 1773000227,
        "narHash": "sha256-zm3ftUQw0MPumYi91HovoGhgyZBlM4o3Zy0LhPNwzXE=",
        "owner": "LnL7",
        "repo": "nix-darwin",
        "rev": "da529ac9e46f25ed5616fd634079a5f3c579135f",
        "type": "github"
      },
      "original": {
        "owner": "LnL7",
        "repo": "nix-darwin",
        "type": "github"
      }
    },
    "nixpkgs": {
      "locked": {
        "lastModified": 1774430892,
        "narHash": "sha256-ASnY71sshZeI2E91hhocC5RAZdYn3gfGW3wIQgDAfFg=",
        "owner": "NixOS",
        "repo": "nixpkgs",
        "rev": "5266577518ab841d1e78bc0aa9843e80aa8582ea",
        "type": "github"
      },
      "original": {
        "owner": "NixOS",
        "ref": "master",
        "repo": "nixpkgs",
        "type": "github"
      }
    },
    "nixpkgs_2": {
      "locked": {
        "lastModified": 1774273680,
        "narHash": "sha256-a++tZ1RQsDb1I0NHrFwdGuRlR5TORvCEUksM459wKUA=",
        "owner": "NixOS",
        "repo": "nixpkgs",
        "rev": "fdc7b8f7b30fdbedec91b71ed82f36e1637483ed",
        "type": "github"
      },
      "original": {
        "owner": "NixOS",
        "ref": "nixpkgs-unstable",
        "repo": "nixpkgs",
        "type": "github"
      }
    },
    "nixpkgs_3": {
      "locked": {
        "lastModified": 1774273680,
        "narHash": "sha256-a++tZ1RQsDb1I0NHrFwdGuRlR5TORvCEUksM459wKUA=",
        "owner": "NixOS",
        "repo": "nixpkgs",
        "rev": "fdc7b8f7b30fdbedec91b71ed82f36e1637483ed",
        "type": "github"
      },
      "original": {
        "owner": "NixOS",
        "ref": "nixpkgs-unstable",
        "repo": "nixpkgs",
        "type": "github"
      }
    },
    "rime-ice": {
      "flake": false,
      "locked": {
        "lastModified": 1774236717,
        "narHash": "sha256-qm3YfbDljebp4k30fDYFL57Sx9SuX7otD4GwJ8t26Qc=",
        "owner": "iDvel",
        "repo": "rime-ice",
        "rev": "4e54d7edb1f50da477a8bf7aa23ef19e2e4e2c0c",
        "type": "github"
      },
      "original": {
        "owner": "iDvel",
        "repo": "rime-ice",
        "type": "github"
      }
    },
    "root": {
      "inputs": {
        "home-manager": "home-manager",
        "neovim-nightly-overlay": "neovim-nightly-overlay",
        "nix-darwin": "nix-darwin",
        "nixpkgs": "nixpkgs",
        "rime-ice": "rime-ice",
        "rt": "rt"
      }
    },
    "rt": {
      "inputs": {
        "devshells-nix": "devshells-nix",
        "devshells-rust": "devshells-rust",
        "flake-utils": "flake-utils",
        "nixpkgs": [
          "nixpkgs"
        ]
      },
      "locked": {
        "lastModified": 1774844937,
        "narHash": "sha256-17UpvNiWHaDBfkO1WJNVZPzbEOj/+kFpo7zcc4sWsAs=",
        "owner": "acehinnnqru",
        "repo": "rt",
        "rev": "91eda4bff2360eb3935eb00b71d3e2d9cc981d08",
        "type": "github"
      },
      "original": {
        "owner": "acehinnnqru",
        "ref": "master",
        "repo": "rt",
        "type": "github"
      }
    },
    "rust-analyzer-src": {
      "flake": false,
      "locked": {
        "lastModified": 1774376228,
        "narHash": "sha256-7oA0u4aghFjjIcIDKZ26NUpXH7hVXGPC0sI1OfK7NUk=",
        "owner": "rust-lang",
        "repo": "rust-analyzer",
        "rev": "eabb84b771420b8396ab4bb4747694302d9be277",
        "type": "github"
      },
      "original": {
        "owner": "rust-lang",
        "ref": "nightly",
        "repo": "rust-analyzer",
        "type": "github"
      }
    },
    "systems": {
      "locked": {
        "lastModified": 1681028828,
        "narHash": "sha256-Vy1rq5AaRuLzOxct8nz4T6wlgyUR7zLU309k9mBC768=",
        "owner": "nix-systems",
        "repo": "default",
        "rev": "da67096a3b9bf56a91d16901293e51ba5b49a27e",
        "type": "github"
      },
      "original": {
        "owner": "nix-systems",
        "repo": "default",
        "type": "github"
      }
    },
    "systems_2": {
      "locked": {
        "lastModified": 1681028828,
        "narHash": "sha256-Vy1rq5AaRuLzOxct8nz4T6wlgyUR7zLU309k9mBC768=",
        "owner": "nix-systems",
        "repo": "default",
        "rev": "da67096a3b9bf56a91d16901293e51ba5b49a27e",
        "type": "github"
      },
      "original": {
        "owner": "nix-systems",
        "repo": "default",
        "type": "github"
      }
    },
    "systems_3": {
      "locked": {
        "lastModified": 1681028828,
        "narHash": "sha256-Vy1rq5AaRuLzOxct8nz4T6wlgyUR7zLU309k9mBC768=",
        "owner": "nix-systems",
        "repo": "default",
        "rev": "da67096a3b9bf56a91d16901293e51ba5b49a27e",
        "type": "github"
      },
      "original": {
        "owner": "nix-systems",
        "repo": "default",
        "type": "github"
      }
    },
    "utils": {
      "inputs": {
        "systems": "systems"
      },
      "locked": {
        "lastModified": 1731533236,
        "narHash": "sha256-l0KFg5HjrsfsO/JpG+r7fRrqm12kzFHyUHqHCVpMMbI=",
        "owner": "numtide",
        "repo": "flake-utils",
        "rev": "11707dc2f618dd54ca8739b309ec4fc024de578b",
        "type": "github"
      },
      "original": {
        "owner": "numtide",
        "repo": "flake-utils",
        "type": "github"
      }
    },
    "utils_2": {
      "inputs": {
        "systems": "systems_2"
      },
      "locked": {
        "lastModified": 1731533236,
        "narHash": "sha256-l0KFg5HjrsfsO/JpG+r7fRrqm12kzFHyUHqHCVpMMbI=",
        "owner": "numtide",
        "repo": "flake-utils",
        "rev": "11707dc2f618dd54ca8739b309ec4fc024de578b",
        "type": "github"
      },
      "original": {
        "owner": "numtide",
        "repo": "flake-utils",
        "type": "github"
      }
    }
  },
  "root": "root",
  "version": 7
}
