{
  "nodes": {
    "brew-src": {
      "flake": false,
      "locked": {
        "lastModified": 1779646357,
        "narHash": "sha256-rnnAaESXxItX4D9xCMGvs3hfDBjbbTYht7OluRcvT8k=",
        "owner": "Homebrew",
        "repo": "brew",
        "rev": "10a163ac127624caa80cc5cc5a705e97f3615b0e",
        "type": "github"
      },
      "original": {
        "owner": "Homebrew",
        "ref": "5.1.14",
        "repo": "brew",
        "type": "github"
      }
    },
    "devshells": {
      "inputs": {
        "fenix": "fenix",
        "flake-parts": "flake-parts_2",
        "nixpkgs": [
          "rt",
          "nixpkgs"
        ],
        "nixpkgs-go124": "nixpkgs-go124",
        "nixpkgs-go125": "nixpkgs-go125",
        "zig-overlay": "zig-overlay"
      },
      "locked": {
        "lastModified": 1778644440,
        "narHash": "sha256-7+uXZFu/ZIdd2qcGpuJOMGt6a7uxAlzGAhu/QMWbKmg=",
        "owner": "acehinnnqru",
        "repo": "devshells",
        "rev": "8533b50ee249479ee88950206f69144db5bd8412",
        "type": "github"
      },
      "original": {
        "owner": "acehinnnqru",
        "repo": "devshells",
        "type": "github"
      }
    },
    "fenix": {
      "inputs": {
        "nixpkgs": [
          "rt",
          "devshells",
          "nixpkgs"
        ],
        "rust-analyzer-src": "rust-analyzer-src"
      },
      "locked": {
        "lastModified": 1775547409,
        "narHash": "sha256-dNIhLmwrR7N78amgliAJvFx58RjrhDWorV9B9Kiayeo=",
        "owner": "nix-community",
        "repo": "fenix",
        "rev": "a260dea172f86c7afa65cec0c6e6a9dd91530017",
        "type": "github"
      },
      "original": {
        "owner": "nix-community",
        "repo": "fenix",
        "type": "github"
      }
    },
    "flake-compat": {
      "flake": false,
      "locked": {
        "lastModified": 1696426674,
        "narHash": "sha256-kvjfFW7WAETZlt09AgDn1MrtKzP7t90Vf7vypd3OL1U=",
        "owner": "edolstra",
        "repo": "flake-compat",
        "rev": "0f9255e01c2351cc7d116c072cb317785dd33b33",
        "type": "github"
      },
      "original": {
        "owner": "edolstra",
        "repo": "flake-compat",
        "type": "github"
      }
    },
    "flake-parts": {
      "inputs": {
        "nixpkgs-lib": [
          "neovim-nightly-overlay",
          "nixpkgs"
        ]
      },
      "locked": {
        "lastModified": 1778716662,
        "narHash": "sha256-m1Yf0wZ8j1OHjTc2UwHwyQRSnNeSgLJOd7q5Y45hzi4=",
        "owner": "hercules-ci",
        "repo": "flake-parts",
        "rev": "f7c1a2d347e4c52d5fb8d10cb4d94b5884e546fb",
        "type": "github"
      },
      "original": {
        "owner": "hercules-ci",
        "repo": "flake-parts",
        "type": "github"
      }
    },
    "flake-parts_2": {
      "inputs": {
        "nixpkgs-lib": "nixpkgs-lib"
      },
      "locked": {
        "lastModified": 1775087534,
        "narHash": "sha256-91qqW8lhL7TLwgQWijoGBbiD4t7/q75KTi8NxjVmSmA=",
        "owner": "hercules-ci",
        "repo": "flake-parts",
        "rev": "3107b77cd68437b9a76194f0f7f9c55f2329ca5b",
        "type": "github"
      },
      "original": {
        "owner": "hercules-ci",
        "repo": "flake-parts",
        "type": "github"
      }
    },
    "flake-utils": {
      "inputs": {
        "systems": "systems_2"
      },
      "locked": {
        "lastModified": 1731533236,
        "narHash": "sha256-l0KFg5HjrsfsO/JpG+r7fRrqm12kzFHyUHqHCVpMMbI=",
        "owner": "numtide",
        "repo": "flake-utils",
        "rev": "11707dc2f618dd54ca8739b309ec4fc024de578b",
        "type": "github"
      },
      "original": {
        "owner": "numtide",
        "repo": "flake-utils",
        "type": "github"
      }
    },
    "home-manager": {
      "inputs": {
        "nixpkgs": [
          "nixpkgs"
        ]
      },
      "locked": {
        "lastModified": 1781064232,
        "narHash": "sha256-+7cIaqM6ucKf5fDyMnkwehxG8tBdaU51TZOMtxacXmI=",
        "owner": "nix-community",
        "repo": "home-manager",
        "rev": "1ffdc28076a1809ee7c0cf08f06af18f31c480cd",
        "type": "github"
      },
      "original": {
        "owner": "nix-community",
        "ref": "master",
        "repo": "home-manager",
        "type": "github"
      }
    },
    "neovim-nightly-overlay": {
      "inputs": {
        "flake-parts": "flake-parts",
        "neovim-src": "neovim-src",
        "nixpkgs": [
          "nixpkgs"
        ]
      },
      "locked": {
        "lastModified": 1781049887,
        "narHash": "sha256-TKhZdKPQDoWjPnUAMgZiuOvKenVmb8TMcs1Dk/dcIXA=",
        "owner": "nix-community",
        "repo": "neovim-nightly-overlay",
        "rev": "5ca0e5088019f583ffdcc7d381774a7056a2f2f1",
        "type": "github"
      },
      "original": {
        "owner": "nix-community",
        "repo": "neovim-nightly-overlay",
        "type": "github"
      }
    },
    "neovim-src": {
      "flake": false,
      "locked": {
        "lastModified": 1781048228,
        "narHash": "sha256-VLCoHEd0dsLDQpsDZ2wPl6SnOYRopMg+4fx5sL/AHv8=",
        "owner": "neovim",
        "repo": "neovim",
        "rev": "d4e6f92f5285b64e59f1aba4e93d93f70ab4e605",
        "type": "github"
      },
      "original": {
        "owner": "neovim",
        "repo": "neovim",
        "type": "github"
      }
    },
    "nix-darwin": {
      "inputs": {
        "nixpkgs": [
          "nixpkgs"
        ]
      },
      "locked": {
        "lastModified": 1780795403,
        "narHash": "sha256-AkWx4Zt9pQbD/f82Z8N57+d0HGLN/rV3gdMKJTpBPKs=",
        "owner": "LnL7",
        "repo": "nix-darwin",
        "rev": "6a771120d607dcccb279a27d227650e324815c35",
        "type": "github"
      },
      "original": {
        "owner": "LnL7",
        "ref": "master",
        "repo": "nix-darwin",
        "type": "github"
      }
    },
    "nix-homebrew": {
      "inputs": {
        "brew-src": "brew-src"
      },
      "locked": {
        "lastModified": 1780492467,
        "narHash": "sha256-zMEJwtQPmsPPgPczFkyjWHgd1z0HagOPS2Wt2WDYLJY=",
        "owner": "zhaofengli",
        "repo": "nix-homebrew",
        "rev": "562332f97de9f5ba51aa647d70462e88222b2988",
        "type": "github"
      },
      "original": {
        "owner": "zhaofengli",
        "repo": "nix-homebrew",
        "type": "github"
      }
    },
    "nixpkgs": {
      "locked": {
        "lastModified": 1780749050,
        "narHash": "sha256-3av0pIjlOWQ6rDbNOmpUSvbNnJkGORQKKjb4LtCZsIY=",
        "owner": "NixOS",
        "repo": "nixpkgs",
        "rev": "a799d3e3886da994fa307f817a6bc705ae538eeb",
        "type": "github"
      },
      "original": {
        "owner": "NixOS",
        "ref": "nixos-unstable",
        "repo": "nixpkgs",
        "type": "github"
      }
    },
    "nixpkgs-go124": {
      "locked": {
        "lastModified": 1764667669,
        "narHash": "sha256-7WUCZfmqLAssbDqwg9cUDAXrSoXN79eEEq17qhTNM/Y=",
        "owner": "NixOS",
        "repo": "nixpkgs",
        "rev": "418468ac9527e799809c900eda37cbff999199b6",
        "type": "github"
      },
      "original": {
        "owner": "NixOS",
        "repo": "nixpkgs",
        "rev": "418468ac9527e799809c900eda37cbff999199b6",
        "type": "github"
      }
    },
    "nixpkgs-go125": {
      "locked": {
        "lastModified": 1774078191,
        "narHash": "sha256-nyxxxW1/2ouu9dU0I02ul5pHrmUrE1JVFhfFlmYe3Lw=",
        "owner": "NixOS",
        "repo": "nixpkgs",
        "rev": "09061f748ee21f68a089cd5d91ec1859cd93d0be",
        "type": "github"
      },
      "original": {
        "owner": "NixOS",
        "repo": "nixpkgs",
        "rev": "09061f748ee21f68a089cd5d91ec1859cd93d0be",
        "type": "github"
      }
    },
    "nixpkgs-lib": {
      "locked": {
        "lastModified": 1774748309,
        "narHash": "sha256-+U7gF3qxzwD5TZuANzZPeJTZRHS29OFQgkQ2kiTJBIQ=",
        "owner": "nix-community",
        "repo": "nixpkgs.lib",
        "rev": "333c4e0545a6da976206c74db8773a1645b5870a",
        "type": "github"
      },
      "original": {
        "owner": "nix-community",
        "repo": "nixpkgs.lib",
        "type": "github"
      }
    },
    "nixpkgs_2": {
      "locked": {
        "lastModified": 1771043024,
        "narHash": "sha256-O1XDr7EWbRp+kHrNNgLWgIrB0/US5wvw9K6RERWAj6I=",
        "owner": "NixOS",
        "repo": "nixpkgs",
        "rev": "3aadb7ca9eac2891d52a9dec199d9580a6e2bf44",
        "type": "github"
      },
      "original": {
        "owner": "NixOS",
        "ref": "nixos-25.11",
        "repo": "nixpkgs",
        "type": "github"
      }
    },
    "rime-ice": {
      "flake": false,
      "locked": {
        "lastModified": 1781020870,
        "narHash": "sha256-Bq5/7wQs9OyUKzzCnEpbdja9x9c9FaFZfg/By4KrJxE=",
        "owner": "iDvel",
        "repo": "rime-ice",
        "rev": "82c0298031254299cf1265dad4ae7dd54013fdb7",
        "type": "github"
      },
      "original": {
        "owner": "iDvel",
        "repo": "rime-ice",
        "type": "github"
      }
    },
    "root": {
      "inputs": {
        "home-manager": "home-manager",
        "neovim-nightly-overlay": "neovim-nightly-overlay",
        "nix-darwin": "nix-darwin",
        "nix-homebrew": "nix-homebrew",
        "nixpkgs": "nixpkgs",
        "rime-ice": "rime-ice",
        "rt": "rt"
      }
    },
    "rt": {
      "inputs": {
        "devshells": "devshells",
        "flake-utils": "flake-utils",
        "nixpkgs": [
          "nixpkgs"
        ]
      },
      "locked": {
        "lastModified": 1779681221,
        "narHash": "sha256-96moO2xSFwJzEw0lEBiIq/0jln4n4/4beF0a1ivjaF8=",
        "owner": "acehinnnqru",
        "repo": "rt",
        "rev": "46a784574e007060afae46886b6b85e6d08aa546",
        "type": "github"
      },
      "original": {
        "owner": "acehinnnqru",
        "ref": "master",
        "repo": "rt",
        "type": "github"
      }
    },
    "rust-analyzer-src": {
      "flake": false,
      "locked": {
        "lastModified": 1775499626,
        "narHash": "sha256-6PyDFl9fJu12xfdjgEiQKEVjX6/cdkN1DeKRLKwUz44=",
        "owner": "rust-lang",
        "repo": "rust-analyzer",
        "rev": "129f6167ab924c42fb16d4e3d1b31b6e725c7523",
        "type": "github"
      },
      "original": {
        "owner": "rust-lang",
        "ref": "nightly",
        "repo": "rust-analyzer",
        "type": "github"
      }
    },
    "systems": {
      "flake": false,
      "locked": {
        "lastModified": 1681028828,
        "narHash": "sha256-Vy1rq5AaRuLzOxct8nz4T6wlgyUR7zLU309k9mBC768=",
        "owner": "nix-systems",
        "repo": "default",
        "rev": "da67096a3b9bf56a91d16901293e51ba5b49a27e",
        "type": "github"
      },
      "original": {
        "owner": "nix-systems",
        "repo": "default",
        "type": "github"
      }
    },
    "systems_2": {
      "locked": {
        "lastModified": 1681028828,
        "narHash": "sha256-Vy1rq5AaRuLzOxct8nz4T6wlgyUR7zLU309k9mBC768=",
        "owner": "nix-systems",
        "repo": "default",
        "rev": "da67096a3b9bf56a91d16901293e51ba5b49a27e",
        "type": "github"
      },
      "original": {
        "owner": "nix-systems",
        "repo": "default",
        "type": "github"
      }
    },
    "zig-overlay": {
      "inputs": {
        "flake-compat": "flake-compat",
        "nixpkgs": "nixpkgs_2",
        "systems": "systems"
      },
      "locked": {
        "lastModified": 1775523119,
        "narHash": "sha256-idbyDMfC8hIkzOWcT3mQdV5oPxQyPtJBhJNskUhPknM=",
        "owner": "mitchellh",
        "repo": "zig-overlay",
        "rev": "5366192bcb1e4520f7e35458bbbc2a173e1d1b78",
        "type": "github"
      },
      "original": {
        "owner": "mitchellh",
        "repo": "zig-overlay",
        "type": "github"
      }
    }
  },
  "root": "root",
  "version": 7
}
